lockfileVersion: 5.4

specifiers:
  '@types/node': ^18.11.18
  '@wumpjs/providers': ^1.0.2
  typed-emitter: ^2.1.0

dependencies:
  '@wumpjs/providers': 1.0.2
  typed-emitter: 2.1.0

devDependencies:
  '@types/node': 18.11.18

packages:

  /@types/node/18.11.18:
    resolution: {integrity: sha512-DHQpWGjyQKSHj3ebjFI/wRKcqQcdR+MoFBygntYOZytCqNfkd2ZC4ARDJ2DQqhjH5p85Nnd3jhUJIXrszFX/JA==}
    dev: true

  /@wumpjs/providers/1.0.2:
    resolution: {integrity: sha512-B+UkElzzk+mn1b1RJdXSqt4Zg8+AEOASCTVs6ftUtcJfm6pJsH/Xtb85ioo7pOfbPkYN4dj7Wr5/AvzqYoWUOQ==}
    dependencies:
      colorette: 2.0.19
    dev: false

  /colorette/2.0.19:
    resolution: {integrity: sha512-3tlv/dIP7FWvj3BsbHrGLJ6l/oKh1O3TcgBqMn+yyCagOxc23fyzDS6HypQbgxWbkpDnf52p1LuR4eWDQ/K9WQ==}
    dev: false

  /rxjs/7.8.0:
    resolution: {integrity: sha512-F2+gxDshqmIub1KdvZkaEfGDwLNpPvk9Fs6LD/MyQxNgMds/WH9OdDDXOmxUZpME+iSK3rQCctkL0DYyytUqMg==}
    requiresBuild: true
    dependencies:
      tslib: 2.4.1
    dev: false
    optional: true

  /tslib/2.4.1:
    resolution: {integrity: sha512-tGyy4dAjRIEwI7BzsB0lynWgOpfqjUdq91XXAlIWD2OwKBH7oCl/GZG/HT4BOHrTlPMOASlMQ7veyTqpmRcrNA==}
    dev: false
    optional: true

  /typed-emitter/2.1.0:
    resolution: {integrity: sha512-g/KzbYKbH5C2vPkaXGu8DJlHrGKHLsM25Zg9WuC9pMGfuvT+X25tZQWo5fK1BjBm8+UrVE9LDCvaY0CQk+fXDA==}
    optionalDependencies:
      rxjs: 7.8.0
    dev: false
